
Microsoft Visual Studio Solution File, Format Version 12.00
# Visual Studio Version 17
VisualStudioVersion = 17.13.35825.156 d17.13
MinimumVisualStudioVersion = 10.0.40219.1
Project("{FAE04EC0-301F-11D3-BF4B-00C04F79EFBC}") = "LipoDocDeviceSimulator", "LipoDocDeviceSimulator.csproj", "{BDF8A928-9C5B-47D0-A9C2-C4D585E154CD}"
EndProject
Global
	GlobalSection(SolutionConfigurationPlatforms) = preSolution
		Debug|Any CPU = Debug|Any CPU
		Release|Any CPU = Release|Any CPU
	EndGlobalSection
	GlobalSection(ProjectConfigurationPlatforms) = postSolution
		{BDF8A928-9C5B-47D0-A9C2-C4D585E154CD}.Debug|Any CPU.ActiveCfg = Debug|Any CPU
		{BDF8A928-9C5B-47D0-A9C2-C4D585E154CD}.Debug|Any CPU.Build.0 = Debug|Any CPU
		{BDF8A928-9C5B-47D0-A9C2-C4D585E154CD}.Release|Any CPU.ActiveCfg = Release|Any CPU
		{BDF8A928-9C5B-47D0-A9C2-C4D585E154CD}.Release|Any CPU.Build.0 = Release|Any CPU
	EndGlobalSection
	GlobalSection(SolutionProperties) = preSolution
		HideSolutionNode = FALSE
	EndGlobalSection
	GlobalSection(ExtensibilityGlobals) = postSolution
		SolutionGuid = {E807FC9A-F099-4EFB-9FF1-C3506F3767D7}
	EndGlobalSection
EndGlobal
